
Microsoft Visual Studio Solution File, Format Version 12.00
# Visual Studio Version 17
VisualStudioVersion = 17.9.34723.18
MinimumVisualStudioVersion = 10.0.40219.1
Project("{FAE04EC0-301F-11D3-BF4B-00C04F79EFBC}") = "BlazorBugTrackerWithSchofolding", "BlazorBugTrackerWithSchofolding\BlazorBugTrackerWithSchofolding.csproj", "{FE8125CC-34BD-427A-AA38-4419E2900646}"
EndProject
Global
	GlobalSection(SolutionConfigurationPlatforms) = preSolution
		Debug|Any CPU = Debug|Any CPU
		Release|Any CPU = Release|Any CPU
	EndGlobalSection
	GlobalSection(ProjectConfigurationPlatforms) = postSolution
		{FE8125CC-34BD-427A-AA38-4419E2900646}.Debug|Any CPU.ActiveCfg = Debug|Any CPU
		{FE8125CC-34BD-427A-AA38-4419E2900646}.Debug|Any CPU.Build.0 = Debug|Any CPU
		{FE8125CC-34BD-427A-AA38-4419E2900646}.Release|Any CPU.ActiveCfg = Release|Any CPU
		{FE8125CC-34BD-427A-AA38-4419E2900646}.Release|Any CPU.Build.0 = Release|Any CPU
	EndGlobalSection
	GlobalSection(SolutionProperties) = preSolution
		HideSolutionNode = FALSE
	EndGlobalSection
	GlobalSection(ExtensibilityGlobals) = postSolution
		SolutionGuid = {20434B91-1012-4824-82E1-7C4C4A248A98}
	EndGlobalSection
EndGlobal
